Microsoft Visual Studio Solution File, Format Version 8.00
Project("{8BC9CEB8-8B4A-11D0-8D11-00A0C91BC942}") = "tmolib", "tmolib.vcproj", "{9B5B3EB7-8828-47EE-BED5-242680C57487}"
	ProjectSection(ProjectDependencies) = postProject
	EndProjectSection
EndProject
Global
	GlobalSection(SolutionConfiguration) = preSolution
		Debug = Debug
		Release = Release
	EndGlobalSection
	GlobalSection(ProjectConfiguration) = postSolution
		{9B5B3EB7-8828-47EE-BED5-242680C57487}.Debug.ActiveCfg = Debug|Win32
		{9B5B3EB7-8828-47EE-BED5-242680C57487}.Debug.Build.0 = Debug|Win32
		{9B5B3EB7-8828-47EE-BED5-242680C57487}.Release.ActiveCfg = Release|Win32
		{9B5B3EB7-8828-47EE-BED5-242680C57487}.Release.Build.0 = Release|Win32
	EndGlobalSection
	GlobalSection(ExtensibilityGlobals) = postSolution
	EndGlobalSection
	GlobalSection(ExtensibilityAddIns) = postSolution
	EndGlobalSection
EndGlobal
