Microsoft Visual Studio Solution File, Format Version 8.00
Project("{8BC9CEB8-8B4A-11D0-8D11-00A0C91BC942}") = "TMOW32", "TMOW32.vcproj", "{D50C0220-63C7-4A71-AF8B-FD6B6D6F5FFC}"
	ProjectSection(ProjectDependencies) = postProject
	EndProjectSection
EndProject
Global
	GlobalSection(SolutionConfiguration) = preSolution
		Debug = Debug
		Release = Release
	EndGlobalSection
	GlobalSection(ProjectConfiguration) = postSolution
		{D50C0220-63C7-4A71-AF8B-FD6B6D6F5FFC}.Debug.ActiveCfg = Debug|Win32
		{D50C0220-63C7-4A71-AF8B-FD6B6D6F5FFC}.Debug.Build.0 = Debug|Win32
		{D50C0220-63C7-4A71-AF8B-FD6B6D6F5FFC}.Release.ActiveCfg = Release|Win32
		{D50C0220-63C7-4A71-AF8B-FD6B6D6F5FFC}.Release.Build.0 = Release|Win32
	EndGlobalSection
	GlobalSection(ExtensibilityGlobals) = postSolution
	EndGlobalSection
	GlobalSection(ExtensibilityAddIns) = postSolution
	EndGlobalSection
EndGlobal
